
Microsoft Visual Studio Solution File, Format Version 11.00
# Visual Studio 2010
Project("{FAE04EC0-301F-11D3-BF4B-00C04F79EFBC}") = "ISIS.Command", "ISIS.Command\ISIS.Command.csproj", "{C9B52BB4-341C-4DA3-A353-32E786CE2F2E}"
EndProject
Project("{FAE04EC0-301F-11D3-BF4B-00C04F79EFBC}") = "ISIS.Domain", "ISIS.Domain\ISIS.Domain.csproj", "{B41F5BCE-042F-4631-B6CF-3461E4D1AF2E}"
EndProject
Project("{FAE04EC0-301F-11D3-BF4B-00C04F79EFBC}") = "ISIS.Events", "ISIS.Events\ISIS.Events.csproj", "{135ACF78-39A8-49CB-BF46-F300EC737AC1}"
EndProject
Project("{2150E333-8FDC-42A3-9474-1A3956D46DE8}") = "Tests", "Tests", "{FF0F8311-6C96-414B-BDB0-F188C702B4CA}"
EndProject
Project("{FAE04EC0-301F-11D3-BF4B-00C04F79EFBC}") = "ISIS.DomainTests", "ISIS.DomainTests\ISIS.DomainTests.csproj", "{EA74B308-33FD-43C4-9C43-AAEA479FA990}"
EndProject
Project("{FAE04EC0-301F-11D3-BF4B-00C04F79EFBC}") = "ISIS.Command.Executors", "ISIS.Command.Executors\ISIS.Command.Executors.csproj", "{D1C7CD28-1EFD-4511-B49E-2E78CDB3E341}"
EndProject
Project("{FAE04EC0-301F-11D3-BF4B-00C04F79EFBC}") = "ISIS.Validation", "ISIS.Validation\ISIS.Validation.csproj", "{B1A3CC97-4A9B-443D-A473-C4E4F6CF173D}"
EndProject
Project("{FAE04EC0-301F-11D3-BF4B-00C04F79EFBC}") = "ISIS.Validation.Tests", "ISIS.Validation.Tests\ISIS.Validation.Tests.csproj", "{113F53D7-A7B9-49D9-A48C-B1396B6A2934}"
EndProject
Project("{FAE04EC0-301F-11D3-BF4B-00C04F79EFBC}") = "ISIS.Command.Executors.Tests", "ISIS.Command.Executors.Tests\ISIS.Command.Executors.Tests.csproj", "{1CDD9625-778D-40E4-A698-E3E32F1E9477}"
EndProject
Project("{FAE04EC0-301F-11D3-BF4B-00C04F79EFBC}") = "ISIS.Tests", "ISIS.Tests\ISIS.Tests.csproj", "{AA5DBD4E-15DE-4767-998D-1AC2DE529E9E}"
EndProject
Project("{FAE04EC0-301F-11D3-BF4B-00C04F79EFBC}") = "ISIS.Web", "ISIS.Web\ISIS.Web.csproj", "{90191C9C-035B-4A74-95AF-B48DA06BB304}"
EndProject
Project("{FAE04EC0-301F-11D3-BF4B-00C04F79EFBC}") = "ISIS.ReadModel", "ISIS.ReadModel\ISIS.ReadModel.csproj", "{7922BC22-5D9B-40E9-992E-95AE0793E1BA}"
EndProject
Project("{FAE04EC0-301F-11D3-BF4B-00C04F79EFBC}") = "ISIS.Denormalizers", "ISIS.Denormalizers\ISIS.Denormalizers.csproj", "{F7039764-F60F-4CD7-A2E8-68F989E55036}"
EndProject
Project("{FAE04EC0-301F-11D3-BF4B-00C04F79EFBC}") = "ISIS.Denormalizers.Tests", "ISIS.Denormalizers.Tests\ISIS.Denormalizers.Tests.csproj", "{7883AE22-9E8D-4B81-A685-6632230D12D5}"
EndProject
Global
	GlobalSection(SolutionConfigurationPlatforms) = preSolution
		Debug|Any CPU = Debug|Any CPU
		Release|Any CPU = Release|Any CPU
	EndGlobalSection
	GlobalSection(ProjectConfigurationPlatforms) = postSolution
		{C9B52BB4-341C-4DA3-A353-32E786CE2F2E}.Debug|Any CPU.ActiveCfg = Debug|Any CPU
		{C9B52BB4-341C-4DA3-A353-32E786CE2F2E}.Debug|Any CPU.Build.0 = Debug|Any CPU
		{C9B52BB4-341C-4DA3-A353-32E786CE2F2E}.Release|Any CPU.ActiveCfg = Release|Any CPU
		{C9B52BB4-341C-4DA3-A353-32E786CE2F2E}.Release|Any CPU.Build.0 = Release|Any CPU
		{B41F5BCE-042F-4631-B6CF-3461E4D1AF2E}.Debug|Any CPU.ActiveCfg = Debug|Any CPU
		{B41F5BCE-042F-4631-B6CF-3461E4D1AF2E}.Debug|Any CPU.Build.0 = Debug|Any CPU
		{B41F5BCE-042F-4631-B6CF-3461E4D1AF2E}.Release|Any CPU.ActiveCfg = Release|Any CPU
		{B41F5BCE-042F-4631-B6CF-3461E4D1AF2E}.Release|Any CPU.Build.0 = Release|Any CPU
		{135ACF78-39A8-49CB-BF46-F300EC737AC1}.Debug|Any CPU.ActiveCfg = Debug|Any CPU
		{135ACF78-39A8-49CB-BF46-F300EC737AC1}.Debug|Any CPU.Build.0 = Debug|Any CPU
		{135ACF78-39A8-49CB-BF46-F300EC737AC1}.Release|Any CPU.ActiveCfg = Release|Any CPU
		{135ACF78-39A8-49CB-BF46-F300EC737AC1}.Release|Any CPU.Build.0 = Release|Any CPU
		{EA74B308-33FD-43C4-9C43-AAEA479FA990}.Debug|Any CPU.ActiveCfg = Debug|Any CPU
		{EA74B308-33FD-43C4-9C43-AAEA479FA990}.Debug|Any CPU.Build.0 = Debug|Any CPU
		{EA74B308-33FD-43C4-9C43-AAEA479FA990}.Release|Any CPU.ActiveCfg = Release|Any CPU
		{EA74B308-33FD-43C4-9C43-AAEA479FA990}.Release|Any CPU.Build.0 = Release|Any CPU
		{D1C7CD28-1EFD-4511-B49E-2E78CDB3E341}.Debug|Any CPU.ActiveCfg = Debug|Any CPU
		{D1C7CD28-1EFD-4511-B49E-2E78CDB3E341}.Debug|Any CPU.Build.0 = Debug|Any CPU
		{D1C7CD28-1EFD-4511-B49E-2E78CDB3E341}.Release|Any CPU.ActiveCfg = Release|Any CPU
		{D1C7CD28-1EFD-4511-B49E-2E78CDB3E341}.Release|Any CPU.Build.0 = Release|Any CPU
		{B1A3CC97-4A9B-443D-A473-C4E4F6CF173D}.Debug|Any CPU.ActiveCfg = Debug|Any CPU
		{B1A3CC97-4A9B-443D-A473-C4E4F6CF173D}.Debug|Any CPU.Build.0 = Debug|Any CPU
		{B1A3CC97-4A9B-443D-A473-C4E4F6CF173D}.Release|Any CPU.ActiveCfg = Release|Any CPU
		{B1A3CC97-4A9B-443D-A473-C4E4F6CF173D}.Release|Any CPU.Build.0 = Release|Any CPU
		{113F53D7-A7B9-49D9-A48C-B1396B6A2934}.Debug|Any CPU.ActiveCfg = Debug|Any CPU
		{113F53D7-A7B9-49D9-A48C-B1396B6A2934}.Debug|Any CPU.Build.0 = Debug|Any CPU
		{113F53D7-A7B9-49D9-A48C-B1396B6A2934}.Release|Any CPU.ActiveCfg = Release|Any CPU
		{113F53D7-A7B9-49D9-A48C-B1396B6A2934}.Release|Any CPU.Build.0 = Release|Any CPU
		{1CDD9625-778D-40E4-A698-E3E32F1E9477}.Debug|Any CPU.ActiveCfg = Debug|Any CPU
		{1CDD9625-778D-40E4-A698-E3E32F1E9477}.Debug|Any CPU.Build.0 = Debug|Any CPU
		{1CDD9625-778D-40E4-A698-E3E32F1E9477}.Release|Any CPU.ActiveCfg = Release|Any CPU
		{1CDD9625-778D-40E4-A698-E3E32F1E9477}.Release|Any CPU.Build.0 = Release|Any CPU
		{AA5DBD4E-15DE-4767-998D-1AC2DE529E9E}.Debug|Any CPU.ActiveCfg = Debug|Any CPU
		{AA5DBD4E-15DE-4767-998D-1AC2DE529E9E}.Debug|Any CPU.Build.0 = Debug|Any CPU
		{AA5DBD4E-15DE-4767-998D-1AC2DE529E9E}.Release|Any CPU.ActiveCfg = Release|Any CPU
		{AA5DBD4E-15DE-4767-998D-1AC2DE529E9E}.Release|Any CPU.Build.0 = Release|Any CPU
		{90191C9C-035B-4A74-95AF-B48DA06BB304}.Debug|Any CPU.ActiveCfg = Debug|Any CPU
		{90191C9C-035B-4A74-95AF-B48DA06BB304}.Debug|Any CPU.Build.0 = Debug|Any CPU
		{90191C9C-035B-4A74-95AF-B48DA06BB304}.Release|Any CPU.ActiveCfg = Release|Any CPU
		{90191C9C-035B-4A74-95AF-B48DA06BB304}.Release|Any CPU.Build.0 = Release|Any CPU
		{7922BC22-5D9B-40E9-992E-95AE0793E1BA}.Debug|Any CPU.ActiveCfg = Debug|Any CPU
		{7922BC22-5D9B-40E9-992E-95AE0793E1BA}.Debug|Any CPU.Build.0 = Debug|Any CPU
		{7922BC22-5D9B-40E9-992E-95AE0793E1BA}.Release|Any CPU.ActiveCfg = Release|Any CPU
		{7922BC22-5D9B-40E9-992E-95AE0793E1BA}.Release|Any CPU.Build.0 = Release|Any CPU
		{F7039764-F60F-4CD7-A2E8-68F989E55036}.Debug|Any CPU.ActiveCfg = Debug|Any CPU
		{F7039764-F60F-4CD7-A2E8-68F989E55036}.Debug|Any CPU.Build.0 = Debug|Any CPU
		{F7039764-F60F-4CD7-A2E8-68F989E55036}.Release|Any CPU.ActiveCfg = Release|Any CPU
		{F7039764-F60F-4CD7-A2E8-68F989E55036}.Release|Any CPU.Build.0 = Release|Any CPU
		{7883AE22-9E8D-4B81-A685-6632230D12D5}.Debug|Any CPU.ActiveCfg = Debug|Any CPU
		{7883AE22-9E8D-4B81-A685-6632230D12D5}.Debug|Any CPU.Build.0 = Debug|Any CPU
		{7883AE22-9E8D-4B81-A685-6632230D12D5}.Release|Any CPU.ActiveCfg = Release|Any CPU
		{7883AE22-9E8D-4B81-A685-6632230D12D5}.Release|Any CPU.Build.0 = Release|Any CPU
	EndGlobalSection
	GlobalSection(SolutionProperties) = preSolution
		HideSolutionNode = FALSE
	EndGlobalSection
	GlobalSection(NestedProjects) = preSolution
		{EA74B308-33FD-43C4-9C43-AAEA479FA990} = {FF0F8311-6C96-414B-BDB0-F188C702B4CA}
		{113F53D7-A7B9-49D9-A48C-B1396B6A2934} = {FF0F8311-6C96-414B-BDB0-F188C702B4CA}
		{1CDD9625-778D-40E4-A698-E3E32F1E9477} = {FF0F8311-6C96-414B-BDB0-F188C702B4CA}
		{AA5DBD4E-15DE-4767-998D-1AC2DE529E9E} = {FF0F8311-6C96-414B-BDB0-F188C702B4CA}
		{7883AE22-9E8D-4B81-A685-6632230D12D5} = {FF0F8311-6C96-414B-BDB0-F188C702B4CA}
	EndGlobalSection
EndGlobal
