
Microsoft Visual Studio Solution File, Format Version 11.00
# Visual Studio 2010
Project("{FAE04EC0-301F-11D3-BF4B-00C04F79EFBC}") = "ISIS.Command", "ISIS.Command\ISIS.Command.csproj", "{C9B52BB4-341C-4DA3-A353-32E786CE2F2E}"
EndProject
Project("{FAE04EC0-301F-11D3-BF4B-00C04F79EFBC}") = "ISIS.Domain", "ISIS.Domain\ISIS.Domain.csproj", "{B41F5BCE-042F-4631-B6CF-3461E4D1AF2E}"
EndProject
Project("{FAE04EC0-301F-11D3-BF4B-00C04F79EFBC}") = "ISIS.Events", "ISIS.Events\ISIS.Events.csproj", "{135ACF78-39A8-49CB-BF46-F300EC737AC1}"
EndProject
Project("{2150E333-8FDC-42A3-9474-1A3956D46DE8}") = "Tests", "Tests", "{FF0F8311-6C96-414B-BDB0-F188C702B4CA}"
EndProject
Project("{FAE04EC0-301F-11D3-BF4B-00C04F79EFBC}") = "ISIS.DomainTests", "ISIS.DomainTests\ISIS.DomainTests.csproj", "{EA74B308-33FD-43C4-9C43-AAEA479FA990}"
EndProject
Global
	GlobalSection(SolutionConfigurationPlatforms) = preSolution
		Debug|Any CPU = Debug|Any CPU
		Release|Any CPU = Release|Any CPU
	EndGlobalSection
	GlobalSection(ProjectConfigurationPlatforms) = postSolution
		{C9B52BB4-341C-4DA3-A353-32E786CE2F2E}.Debug|Any CPU.ActiveCfg = Debug|Any CPU
		{C9B52BB4-341C-4DA3-A353-32E786CE2F2E}.Debug|Any CPU.Build.0 = Debug|Any CPU
		{C9B52BB4-341C-4DA3-A353-32E786CE2F2E}.Release|Any CPU.ActiveCfg = Release|Any CPU
		{C9B52BB4-341C-4DA3-A353-32E786CE2F2E}.Release|Any CPU.Build.0 = Release|Any CPU
		{B41F5BCE-042F-4631-B6CF-3461E4D1AF2E}.Debug|Any CPU.ActiveCfg = Debug|Any CPU
		{B41F5BCE-042F-4631-B6CF-3461E4D1AF2E}.Debug|Any CPU.Build.0 = Debug|Any CPU
		{B41F5BCE-042F-4631-B6CF-3461E4D1AF2E}.Release|Any CPU.ActiveCfg = Release|Any CPU
		{B41F5BCE-042F-4631-B6CF-3461E4D1AF2E}.Release|Any CPU.Build.0 = Release|Any CPU
		{135ACF78-39A8-49CB-BF46-F300EC737AC1}.Debug|Any CPU.ActiveCfg = Debug|Any CPU
		{135ACF78-39A8-49CB-BF46-F300EC737AC1}.Debug|Any CPU.Build.0 = Debug|Any CPU
		{135ACF78-39A8-49CB-BF46-F300EC737AC1}.Release|Any CPU.ActiveCfg = Release|Any CPU
		{135ACF78-39A8-49CB-BF46-F300EC737AC1}.Release|Any CPU.Build.0 = Release|Any CPU
		{EA74B308-33FD-43C4-9C43-AAEA479FA990}.Debug|Any CPU.ActiveCfg = Debug|Any CPU
		{EA74B308-33FD-43C4-9C43-AAEA479FA990}.Debug|Any CPU.Build.0 = Debug|Any CPU
		{EA74B308-33FD-43C4-9C43-AAEA479FA990}.Release|Any CPU.ActiveCfg = Release|Any CPU
		{EA74B308-33FD-43C4-9C43-AAEA479FA990}.Release|Any CPU.Build.0 = Release|Any CPU
	EndGlobalSection
	GlobalSection(SolutionProperties) = preSolution
		HideSolutionNode = FALSE
	EndGlobalSection
	GlobalSection(NestedProjects) = preSolution
		{EA74B308-33FD-43C4-9C43-AAEA479FA990} = {FF0F8311-6C96-414B-BDB0-F188C702B4CA}
	EndGlobalSection
EndGlobal
