
Microsoft Visual Studio Solution File, Format Version 11.00
# Visual Studio 2010
Project("{FAE04EC0-301F-11D3-BF4B-00C04F79EFBC}") = "ISIS.Command", "ISIS.Command\ISIS.Command.csproj", "{C9B52BB4-341C-4DA3-A353-32E786CE2F2E}"
EndProject
Project("{FAE04EC0-301F-11D3-BF4B-00C04F79EFBC}") = "ISIS.CommandExecutor", "ISIS.CommandExecutor\ISIS.CommandExecutor.csproj", "{941D3AA3-C624-4A52-A74A-CE6BCD6C5239}"
EndProject
Project("{FAE04EC0-301F-11D3-BF4B-00C04F79EFBC}") = "ISIS.Domain", "ISIS.Domain\ISIS.Domain.csproj", "{B41F5BCE-042F-4631-B6CF-3461E4D1AF2E}"
EndProject
Project("{FAE04EC0-301F-11D3-BF4B-00C04F79EFBC}") = "ISIS.Events", "ISIS.Events\ISIS.Events.csproj", "{135ACF78-39A8-49CB-BF46-F300EC737AC1}"
EndProject
Global
	GlobalSection(SolutionConfigurationPlatforms) = preSolution
		Debug|Any CPU = Debug|Any CPU
		Release|Any CPU = Release|Any CPU
	EndGlobalSection
	GlobalSection(ProjectConfigurationPlatforms) = postSolution
		{C9B52BB4-341C-4DA3-A353-32E786CE2F2E}.Debug|Any CPU.ActiveCfg = Debug|Any CPU
		{C9B52BB4-341C-4DA3-A353-32E786CE2F2E}.Debug|Any CPU.Build.0 = Debug|Any CPU
		{C9B52BB4-341C-4DA3-A353-32E786CE2F2E}.Release|Any CPU.ActiveCfg = Release|Any CPU
		{C9B52BB4-341C-4DA3-A353-32E786CE2F2E}.Release|Any CPU.Build.0 = Release|Any CPU
		{941D3AA3-C624-4A52-A74A-CE6BCD6C5239}.Debug|Any CPU.ActiveCfg = Debug|Any CPU
		{941D3AA3-C624-4A52-A74A-CE6BCD6C5239}.Debug|Any CPU.Build.0 = Debug|Any CPU
		{941D3AA3-C624-4A52-A74A-CE6BCD6C5239}.Release|Any CPU.ActiveCfg = Release|Any CPU
		{941D3AA3-C624-4A52-A74A-CE6BCD6C5239}.Release|Any CPU.Build.0 = Release|Any CPU
		{B41F5BCE-042F-4631-B6CF-3461E4D1AF2E}.Debug|Any CPU.ActiveCfg = Debug|Any CPU
		{B41F5BCE-042F-4631-B6CF-3461E4D1AF2E}.Debug|Any CPU.Build.0 = Debug|Any CPU
		{B41F5BCE-042F-4631-B6CF-3461E4D1AF2E}.Release|Any CPU.ActiveCfg = Release|Any CPU
		{B41F5BCE-042F-4631-B6CF-3461E4D1AF2E}.Release|Any CPU.Build.0 = Release|Any CPU
		{135ACF78-39A8-49CB-BF46-F300EC737AC1}.Debug|Any CPU.ActiveCfg = Debug|Any CPU
		{135ACF78-39A8-49CB-BF46-F300EC737AC1}.Debug|Any CPU.Build.0 = Debug|Any CPU
		{135ACF78-39A8-49CB-BF46-F300EC737AC1}.Release|Any CPU.ActiveCfg = Release|Any CPU
		{135ACF78-39A8-49CB-BF46-F300EC737AC1}.Release|Any CPU.Build.0 = Release|Any CPU
	EndGlobalSection
	GlobalSection(SolutionProperties) = preSolution
		HideSolutionNode = FALSE
	EndGlobalSection
EndGlobal
